
Microsoft Visual Studio Solution File, Format Version 12.00
# Visual Studio 15
VisualStudioVersion = 15.0.27428.2005
MinimumVisualStudioVersion = 10.0.40219.1
Project("{FAE04EC0-301F-11D3-BF4B-00C04F79EFBC}") = "Sydney_tourist_shoping_cart_REDDIT", "Sydney_tourist_shoping_cart_REDDIT.csproj", "{3801A4A4-A50C-46B2-B44C-2868DF38C36F}"
EndProject
Global
	GlobalSection(SolutionConfigurationPlatforms) = preSolution
		Debug|Any CPU = Debug|Any CPU
		Release|Any CPU = Release|Any CPU
	EndGlobalSection
	GlobalSection(ProjectConfigurationPlatforms) = postSolution
		{3801A4A4-A50C-46B2-B44C-2868DF38C36F}.Debug|Any CPU.ActiveCfg = Debug|Any CPU
		{3801A4A4-A50C-46B2-B44C-2868DF38C36F}.Debug|Any CPU.Build.0 = Debug|Any CPU
		{3801A4A4-A50C-46B2-B44C-2868DF38C36F}.Release|Any CPU.ActiveCfg = Release|Any CPU
		{3801A4A4-A50C-46B2-B44C-2868DF38C36F}.Release|Any CPU.Build.0 = Release|Any CPU
	EndGlobalSection
	GlobalSection(SolutionProperties) = preSolution
		HideSolutionNode = FALSE
	EndGlobalSection
	GlobalSection(ExtensibilityGlobals) = postSolution
		SolutionGuid = {EE490276-B83C-42CF-90B7-0D2FC707ADFF}
	EndGlobalSection
EndGlobal
